
Microsoft Visual Studio Solution File, Format Version 12.00
# Visual Studio Version 17
VisualStudioVersion = 17.5.33530.505
MinimumVisualStudioVersion = 10.0.40219.1
Project("{FAE04EC0-301F-11D3-BF4B-00C04F79EFBC}") = "CreditAPI", "CreditAPI\CreditAPI.csproj", "{36740612-3291-4985-B69C-323EE35ED8D6}"
EndProject
Global
	GlobalSection(SolutionConfigurationPlatforms) = preSolution
		Debug|Any CPU = Debug|Any CPU
		Release|Any CPU = Release|Any CPU
	EndGlobalSection
	GlobalSection(ProjectConfigurationPlatforms) = postSolution
		{36740612-3291-4985-B69C-323EE35ED8D6}.Debug|Any CPU.ActiveCfg = Debug|Any CPU
		{36740612-3291-4985-B69C-323EE35ED8D6}.Debug|Any CPU.Build.0 = Debug|Any CPU
		{36740612-3291-4985-B69C-323EE35ED8D6}.Release|Any CPU.ActiveCfg = Release|Any CPU
		{36740612-3291-4985-B69C-323EE35ED8D6}.Release|Any CPU.Build.0 = Release|Any CPU
	EndGlobalSection
	GlobalSection(SolutionProperties) = preSolution
		HideSolutionNode = FALSE
	EndGlobalSection
	GlobalSection(ExtensibilityGlobals) = postSolution
		SolutionGuid = {3BCDAA56-D2E1-4F08-9B1E-94FD1B3A060E}
	EndGlobalSection
EndGlobal
